
Microsoft Visual Studio Solution File, Format Version 12.00
# Visual Studio Version 16
VisualStudioVersion = 16.0.29905.134
MinimumVisualStudioVersion = 10.0.40219.1
Project("{FAE04EC0-301F-11D3-BF4B-00C04F79EFBC}") = "HeightmapTerrainStarter", "HeightmapTerrainStarter\HeightmapTerrainStarter.csproj", "{A0B2B851-5A2C-4FFA-B475-D972CE96A5BB}"
EndProject
Global
	GlobalSection(SolutionConfigurationPlatforms) = preSolution
		Debug|x86 = Debug|x86
		Release|x86 = Release|x86
	EndGlobalSection
	GlobalSection(ProjectConfigurationPlatforms) = postSolution
		{A0B2B851-5A2C-4FFA-B475-D972CE96A5BB}.Debug|x86.ActiveCfg = Debug|x86
		{A0B2B851-5A2C-4FFA-B475-D972CE96A5BB}.Debug|x86.Build.0 = Debug|x86
		{A0B2B851-5A2C-4FFA-B475-D972CE96A5BB}.Release|x86.ActiveCfg = Release|x86
		{A0B2B851-5A2C-4FFA-B475-D972CE96A5BB}.Release|x86.Build.0 = Release|x86
	EndGlobalSection
	GlobalSection(SolutionProperties) = preSolution
		HideSolutionNode = FALSE
	EndGlobalSection
	GlobalSection(ExtensibilityGlobals) = postSolution
		SolutionGuid = {DD5A3B17-1F58-4C87-B577-3BA588D43B5E}
	EndGlobalSection
EndGlobal
